
Microsoft Visual Studio Solution File, Format Version 12.00
# Visual Studio 15
VisualStudioVersion = 15.0.27130.0
MinimumVisualStudioVersion = 10.0.40219.1
Project("{2150E333-8FDC-42A3-9474-1A3956D46DE8}") = "Library", "Library", "{9B9F0AA5-905C-4F5B-956A-00650F8F371B}"
EndProject
Project("{2150E333-8FDC-42A3-9474-1A3956D46DE8}") = "Tests", "Tests", "{B70617D9-935D-4345-97E8-82B2E36E2461}"
EndProject
Project("{FAE04EC0-301F-11D3-BF4B-00C04F79EFBC}") = "ProductivityTools.MasterConfiguration.Tests", "src\Tests\ProductivityTools.MasterConfiguration.Tests\ProductivityTools.MasterConfiguration.Tests.csproj", "{13358DFF-F440-4C8C-B981-DF6AB023EB14}"
EndProject
Project("{FAE04EC0-301F-11D3-BF4B-00C04F79EFBC}") = "ProductivityTools.MasterConfiguration", "src\Library\ProductivityTools.MasterConfiguration\ProductivityTools.MasterConfiguration.csproj", "{108CEFCD-3617-4C60-BDF3-D1F77636FB62}"
EndProject
Global
	GlobalSection(SolutionConfigurationPlatforms) = preSolution
		Debug|Any CPU = Debug|Any CPU
		Release|Any CPU = Release|Any CPU
	EndGlobalSection
	GlobalSection(ProjectConfigurationPlatforms) = postSolution
		{13358DFF-F440-4C8C-B981-DF6AB023EB14}.Debug|Any CPU.ActiveCfg = Debug|Any CPU
		{13358DFF-F440-4C8C-B981-DF6AB023EB14}.Debug|Any CPU.Build.0 = Debug|Any CPU
		{13358DFF-F440-4C8C-B981-DF6AB023EB14}.Release|Any CPU.ActiveCfg = Release|Any CPU
		{13358DFF-F440-4C8C-B981-DF6AB023EB14}.Release|Any CPU.Build.0 = Release|Any CPU
		{108CEFCD-3617-4C60-BDF3-D1F77636FB62}.Debug|Any CPU.ActiveCfg = Debug|Any CPU
		{108CEFCD-3617-4C60-BDF3-D1F77636FB62}.Debug|Any CPU.Build.0 = Debug|Any CPU
		{108CEFCD-3617-4C60-BDF3-D1F77636FB62}.Release|Any CPU.ActiveCfg = Release|Any CPU
		{108CEFCD-3617-4C60-BDF3-D1F77636FB62}.Release|Any CPU.Build.0 = Release|Any CPU
	EndGlobalSection
	GlobalSection(SolutionProperties) = preSolution
		HideSolutionNode = FALSE
	EndGlobalSection
	GlobalSection(NestedProjects) = preSolution
		{13358DFF-F440-4C8C-B981-DF6AB023EB14} = {B70617D9-935D-4345-97E8-82B2E36E2461}
		{108CEFCD-3617-4C60-BDF3-D1F77636FB62} = {9B9F0AA5-905C-4F5B-956A-00650F8F371B}
	EndGlobalSection
	GlobalSection(ExtensibilityGlobals) = postSolution
		SolutionGuid = {9151A839-FC0E-47FF-BCDB-18E2219E2CCF}
	EndGlobalSection
EndGlobal
